// !$*UTF8*$!
{
	archiveVersion = 1;
	classes = {
	};
	objectVersion = 51;
	objects = {

/* Begin PBXBuildFile section */
		04362098250F6D2F00FDC6DE /* WSFLoginViewController.m in Sources */ = {isa = PBXBuildFile; fileRef = 04362097250F6D2F00FDC6DE /* WSFLoginViewController.m */; };
		0436209E250F6EBF00FDC6DE /* WSFLoginNetAPI.m in Sources */ = {isa = PBXBuildFile; fileRef = 0436209D250F6EBF00FDC6DE /* WSFLoginNetAPI.m */; };
		043620A1250F6F8900FDC6DE /* WSFLoginViewModel.m in Sources */ = {isa = PBXBuildFile; fileRef = 043620A0250F6F8900FDC6DE /* WSFLoginViewModel.m */; };
		043620A5250F761400FDC6DE /* UIButton+WSFIndicator.m in Sources */ = {isa = PBXBuildFile; fileRef = 043620A4250F761400FDC6DE /* UIButton+WSFIndicator.m */; };
		043620A8250F7F0700FDC6DE /* WSFDemoViewController.m in Sources */ = {isa = PBXBuildFile; fileRef = 043620A7250F7F0700FDC6DE /* WSFDemoViewController.m */; };
		043AD2F3250F440C002F1594 /* WSFNoDataView.m in Sources */ = {isa = PBXBuildFile; fileRef = 043AD2F2250F440C002F1594 /* WSFNoDataView.m */; };
		043AD2F9250F5304002F1594 /* WSFTransition.m in Sources */ = {isa = PBXBuildFile; fileRef = 043AD2F8250F5304002F1594 /* WSFTransition.m */; };
		043AD2FD250F5454002F1594 /* WSFMainTabBarController.m in Sources */ = {isa = PBXBuildFile; fileRef = 043AD2FC250F5454002F1594 /* WSFMainTabBarController.m */; };
		043AD301250F5833002F1594 /* UITabBar+WSFCustomBadge.m in Sources */ = {isa = PBXBuildFile; fileRef = 043AD300250F5833002F1594 /* UITabBar+WSFCustomBadge.m */; };
		043AD304250F58BA002F1594 /* WSFTabBar.m in Sources */ = {isa = PBXBuildFile; fileRef = 043AD303250F58BA002F1594 /* WSFTabBar.m */; };
		0450FD76252C176900CA3762 /* UIViewController+WSFAlertAndActionSheet.m in Sources */ = {isa = PBXBuildFile; fileRef = 0450FD72252C176900CA3762 /* UIViewController+WSFAlertAndActionSheet.m */; };
		0450FD77252C176900CA3762 /* WSFCustiomPopView.m in Sources */ = {isa = PBXBuildFile; fileRef = 0450FD75252C176900CA3762 /* WSFCustiomPopView.m */; };
		046B0E23250CD19100D18C4D /* WSFAPIProxy.m in Sources */ = {isa = PBXBuildFile; fileRef = 046B0E22250CD19100D18C4D /* WSFAPIProxy.m */; };
		046B0E26250CD20300D18C4D /* WSFCacheProxy.m in Sources */ = {isa = PBXBuildFile; fileRef = 046B0E25250CD20300D18C4D /* WSFCacheProxy.m */; };
		046B0E2A250CD28D00D18C4D /* WSFAuthParamsGenerator.m in Sources */ = {isa = PBXBuildFile; fileRef = 046B0E29250CD28D00D18C4D /* WSFAuthParamsGenerator.m */; };
		046B0E2D250CD30900D18C4D /* WSFSignatureGenerator.m in Sources */ = {isa = PBXBuildFile; fileRef = 046B0E2C250CD30900D18C4D /* WSFSignatureGenerator.m */; };
		046B0E31250CD36500D18C4D /* NSURLRequest+WSFNetworking.m in Sources */ = {isa = PBXBuildFile; fileRef = 046B0E30250CD36500D18C4D /* NSURLRequest+WSFNetworking.m */; };
		046B0E34250CD42200D18C4D /* Foundation+WSFNetworking.m in Sources */ = {isa = PBXBuildFile; fileRef = 046B0E33250CD42200D18C4D /* Foundation+WSFNetworking.m */; };
		046B0E37250CD4EB00D18C4D /* MJRefresh+ReactiveExtention.m in Sources */ = {isa = PBXBuildFile; fileRef = 046B0E36250CD4EB00D18C4D /* MJRefresh+ReactiveExtention.m */; };
		046B0E43250CD70600D18C4D /* WSFNetworking+ReactiveExtension.m in Sources */ = {isa = PBXBuildFile; fileRef = 046B0E42250CD70600D18C4D /* WSFNetworking+ReactiveExtension.m */; };
		046B0E46250CD78100D18C4D /* NSMapTable+WSFNetworking.m in Sources */ = {isa = PBXBuildFile; fileRef = 046B0E45250CD78100D18C4D /* NSMapTable+WSFNetworking.m */; };
		046B0E4A250CD7C200D18C4D /* WSFResponseModel.m in Sources */ = {isa = PBXBuildFile; fileRef = 046B0E49250CD7C200D18C4D /* WSFResponseModel.m */; };
		046B0E4E250CD83F00D18C4D /* WSFBaseAPIManager.m in Sources */ = {isa = PBXBuildFile; fileRef = 046B0E4D250CD83F00D18C4D /* WSFBaseAPIManager.m */; };
		046B0E51250CD8BA00D18C4D /* WSFPageAPIManager.m in Sources */ = {isa = PBXBuildFile; fileRef = 046B0E50250CD8BA00D18C4D /* WSFPageAPIManager.m */; };
		046B0E54250CD91A00D18C4D /* WSFTokenAPIRefresher.m in Sources */ = {isa = PBXBuildFile; fileRef = 046B0E53250CD91A00D18C4D /* WSFTokenAPIRefresher.m */; };
		046B0E58250CD97100D18C4D /* WSFNetworkingLogger.m in Sources */ = {isa = PBXBuildFile; fileRef = 046B0E57250CD97100D18C4D /* WSFNetworkingLogger.m */; };
		04768328250B644D007E88B8 /* WSFBaseViewController.m in Sources */ = {isa = PBXBuildFile; fileRef = 04768327250B644D007E88B8 /* WSFBaseViewController.m */; };
		0476832B250B6A4F007E88B8 /* WSFBaseTipViewController.m in Sources */ = {isa = PBXBuildFile; fileRef = 0476832A250B6A4F007E88B8 /* WSFBaseTipViewController.m */; };
		0476832E250B82B1007E88B8 /* WSFBaseNavigationController.m in Sources */ = {isa = PBXBuildFile; fileRef = 0476832D250B82B1007E88B8 /* WSFBaseNavigationController.m */; };
		04768336250BA279007E88B8 /* WSFCommConst.m in Sources */ = {isa = PBXBuildFile; fileRef = 04768335250BA279007E88B8 /* WSFCommConst.m */; };
		047E1C2E2512FF8800B5A3F5 /* WSFAppLaunchAdManager.m in Sources */ = {isa = PBXBuildFile; fileRef = 047E1C2D2512FF8800B5A3F5 /* WSFAppLaunchAdManager.m */; };
		04804ABE250F068600370220 /* AppDelegate+AppService.m in Sources */ = {isa = PBXBuildFile; fileRef = 04804ABD250F068600370220 /* AppDelegate+AppService.m */; };
		04804AC1250F06E800370220 /* AppDelegate+AppThirdParty.m in Sources */ = {isa = PBXBuildFile; fileRef = 04804AC0250F06E800370220 /* AppDelegate+AppThirdParty.m */; };
		04804AC4250F06FC00370220 /* AppDelegate+AppPush.m in Sources */ = {isa = PBXBuildFile; fileRef = 04804AC3250F06FC00370220 /* AppDelegate+AppPush.m */; };
		04804ACA250F0A3500370220 /* WSFUserManager.m in Sources */ = {isa = PBXBuildFile; fileRef = 04804AC9250F0A3500370220 /* WSFUserManager.m */; };
		04804ACE250F0A7E00370220 /* WSFAppManager.m in Sources */ = {isa = PBXBuildFile; fileRef = 04804ACD250F0A7E00370220 /* WSFAppManager.m */; };
		04804AD2250F0AAA00370220 /* WSFIMManager.m in Sources */ = {isa = PBXBuildFile; fileRef = 04804AD1250F0AAA00370220 /* WSFIMManager.m */; };
		04804AD6250F0AC100370220 /* WSFIAPManager.m in Sources */ = {isa = PBXBuildFile; fileRef = 04804AD5250F0AC100370220 /* WSFIAPManager.m */; };
		04804ADD250F15D900370220 /* MBProgressHUD+WSF.m in Sources */ = {isa = PBXBuildFile; fileRef = 04804ADC250F15D900370220 /* MBProgressHUD+WSF.m */; };
		04D003682510547E0047FC28 /* WSFBaseViewModel.m in Sources */ = {isa = PBXBuildFile; fileRef = 04D003672510547E0047FC28 /* WSFBaseViewModel.m */; };
		04D0036B251058070047FC28 /* WSFBasePageViewModel.m in Sources */ = {isa = PBXBuildFile; fileRef = 04D0036A251058070047FC28 /* WSFBasePageViewModel.m */; };
		04D0036F251064020047FC28 /* WSFJSHandler.m in Sources */ = {isa = PBXBuildFile; fileRef = 04D0036E251064020047FC28 /* WSFJSHandler.m */; };
		04D00372251064D60047FC28 /* WSFWebViewController.m in Sources */ = {isa = PBXBuildFile; fileRef = 04D00371251064D60047FC28 /* WSFWebViewController.m */; };
		04D003752510665A0047FC28 /* WSFBaseWebViewController.m in Sources */ = {isa = PBXBuildFile; fileRef = 04D003742510665A0047FC28 /* WSFBaseWebViewController.m */; };
		04D0037A25106ED20047FC28 /* WSFWaterFlowLayout.m in Sources */ = {isa = PBXBuildFile; fileRef = 04D0037925106ED10047FC28 /* WSFWaterFlowLayout.m */; };
		04D0037D251070590047FC28 /* UICollectionView+WSFIndexPath.m in Sources */ = {isa = PBXBuildFile; fileRef = 04D0037C251070590047FC28 /* UICollectionView+WSFIndexPath.m */; };
		A8BD6D25D85E557E615AB1AC /* Pods_WSFApp.framework in Frameworks */ = {isa = PBXBuildFile; fileRef = 2BC47CF613199E18E57C55E2 /* Pods_WSFApp.framework */; };
		CEDF0B3425061E7E00C27AE9 /* AppDelegate.m in Sources */ = {isa = PBXBuildFile; fileRef = CEDF0B3325061E7E00C27AE9 /* AppDelegate.m */; };
		CEDF0B3F25061E8500C27AE9 /* Assets.xcassets in Resources */ = {isa = PBXBuildFile; fileRef = CEDF0B3E25061E8500C27AE9 /* Assets.xcassets */; };
		CEDF0B4225061E8500C27AE9 /* LaunchScreen.storyboard in Resources */ = {isa = PBXBuildFile; fileRef = CEDF0B4025061E8500C27AE9 /* LaunchScreen.storyboard */; };
		CEDF0B4525061E8500C27AE9 /* main.m in Sources */ = {isa = PBXBuildFile; fileRef = CEDF0B4425061E8500C27AE9 /* main.m */; };
		CEDF0B4F25061E8500C27AE9 /* WSFAppTests.m in Sources */ = {isa = PBXBuildFile; fileRef = CEDF0B4E25061E8500C27AE9 /* WSFAppTests.m */; };
		CEDF0B5A25061E8500C27AE9 /* WSFAppUITests.m in Sources */ = {isa = PBXBuildFile; fileRef = CEDF0B5925061E8500C27AE9 /* WSFAppUITests.m */; };
		E4900110EF4C9033A69E0014 /* Pods_WSFAppTests.framework in Frameworks */ = {isa = PBXBuildFile; fileRef = 384F682239A559C890465ED6 /* Pods_WSFAppTests.framework */; };
		F1D0094B5824FFCFA70FFC8F /* Pods_WSFApp_WSFAppUITests.framework in Frameworks */ = {isa = PBXBuildFile; fileRef = E2DAD3945D0C602F2B5C6852 /* Pods_WSFApp_WSFAppUITests.framework */; };
/* End PBXBuildFile section */

/* Begin PBXContainerItemProxy section */
		CEDF0B4B25061E8500C27AE9 /* PBXContainerItemProxy */ = {
			isa = PBXContainerItemProxy;
			containerPortal = CEDF0B2725061E7E00C27AE9 /* Project object */;
			proxyType = 1;
			remoteGlobalIDString = CEDF0B2E25061E7E00C27AE9;
			remoteInfo = WSFApp;
		};
		CEDF0B5625061E8500C27AE9 /* PBXContainerItemProxy */ = {
			isa = PBXContainerItemProxy;
			containerPortal = CEDF0B2725061E7E00C27AE9 /* Project object */;
			proxyType = 1;
			remoteGlobalIDString = CEDF0B2E25061E7E00C27AE9;
			remoteInfo = WSFApp;
		};
/* End PBXContainerItemProxy section */

/* Begin PBXFileReference section */
		04362096250F6D2F00FDC6DE /* WSFLoginViewController.h */ = {isa = PBXFileReference; lastKnownFileType = sourcecode.c.h; path = WSFLoginViewController.h; sourceTree = "<group>"; };
		04362097250F6D2F00FDC6DE /* WSFLoginViewController.m */ = {isa = PBXFileReference; lastKnownFileType = sourcecode.c.objc; path = WSFLoginViewController.m; sourceTree = "<group>"; };
		0436209C250F6EBF00FDC6DE /* WSFLoginNetAPI.h */ = {isa = PBXFileReference; lastKnownFileType = sourcecode.c.h; path = WSFLoginNetAPI.h; sourceTree = "<group>"; };
		0436209D250F6EBF00FDC6DE /* WSFLoginNetAPI.m */ = {isa = PBXFileReference; lastKnownFileType = sourcecode.c.objc; path = WSFLoginNetAPI.m; sourceTree = "<group>"; };
		0436209F250F6F8900FDC6DE /* WSFLoginViewModel.h */ = {isa = PBXFileReference; lastKnownFileType = sourcecode.c.h; path = WSFLoginViewModel.h; sourceTree = "<group>"; };
		043620A0250F6F8900FDC6DE /* WSFLoginViewModel.m */ = {isa = PBXFileReference; lastKnownFileType = sourcecode.c.objc; path = WSFLoginViewModel.m; sourceTree = "<group>"; };
		043620A3250F761400FDC6DE /* UIButton+WSFIndicator.h */ = {isa = PBXFileReference; lastKnownFileType = sourcecode.c.h; path = "UIButton+WSFIndicator.h"; sourceTree = "<group>"; };
		043620A4250F761400FDC6DE /* UIButton+WSFIndicator.m */ = {isa = PBXFileReference; lastKnownFileType = sourcecode.c.objc; path = "UIButton+WSFIndicator.m"; sourceTree = "<group>"; };
		043620A6250F7F0700FDC6DE /* WSFDemoViewController.h */ = {isa = PBXFileReference; lastKnownFileType = sourcecode.c.h; path = WSFDemoViewController.h; sourceTree = "<group>"; };
		043620A7250F7F0700FDC6DE /* WSFDemoViewController.m */ = {isa = PBXFileReference; lastKnownFileType = sourcecode.c.objc; path = WSFDemoViewController.m; sourceTree = "<group>"; };
		043953B2250A2E6C00A6ECA9 /* WSFCommHeader.h */ = {isa = PBXFileReference; lastKnownFileType = sourcecode.c.h; path = WSFCommHeader.h; sourceTree = "<group>"; };
		043AD2F1250F440C002F1594 /* WSFNoDataView.h */ = {isa = PBXFileReference; lastKnownFileType = sourcecode.c.h; path = WSFNoDataView.h; sourceTree = "<group>"; };
		043AD2F2250F440C002F1594 /* WSFNoDataView.m */ = {isa = PBXFileReference; lastKnownFileType = sourcecode.c.objc; path = WSFNoDataView.m; sourceTree = "<group>"; };
		043AD2F6250F52D6002F1594 /* WSFTransitionProtocol.h */ = {isa = PBXFileReference; lastKnownFileType = sourcecode.c.h; path = WSFTransitionProtocol.h; sourceTree = "<group>"; };
		043AD2F7250F5304002F1594 /* WSFTransition.h */ = {isa = PBXFileReference; lastKnownFileType = sourcecode.c.h; path = WSFTransition.h; sourceTree = "<group>"; };
		043AD2F8250F5304002F1594 /* WSFTransition.m */ = {isa = PBXFileReference; lastKnownFileType = sourcecode.c.objc; path = WSFTransition.m; sourceTree = "<group>"; };
		043AD2FB250F5454002F1594 /* WSFMainTabBarController.h */ = {isa = PBXFileReference; lastKnownFileType = sourcecode.c.h; path = WSFMainTabBarController.h; sourceTree = "<group>"; };
		043AD2FC250F5454002F1594 /* WSFMainTabBarController.m */ = {isa = PBXFileReference; lastKnownFileType = sourcecode.c.objc; path = WSFMainTabBarController.m; sourceTree = "<group>"; };
		043AD2FF250F5833002F1594 /* UITabBar+WSFCustomBadge.h */ = {isa = PBXFileReference; lastKnownFileType = sourcecode.c.h; path = "UITabBar+WSFCustomBadge.h"; sourceTree = "<group>"; };
		043AD300250F5833002F1594 /* UITabBar+WSFCustomBadge.m */ = {isa = PBXFileReference; lastKnownFileType = sourcecode.c.objc; path = "UITabBar+WSFCustomBadge.m"; sourceTree = "<group>"; };
		043AD302250F58BA002F1594 /* WSFTabBar.h */ = {isa = PBXFileReference; lastKnownFileType = sourcecode.c.h; path = WSFTabBar.h; sourceTree = "<group>"; };
		043AD303250F58BA002F1594 /* WSFTabBar.m */ = {isa = PBXFileReference; lastKnownFileType = sourcecode.c.objc; path = WSFTabBar.m; sourceTree = "<group>"; };
		0450FD72252C176900CA3762 /* UIViewController+WSFAlertAndActionSheet.m */ = {isa = PBXFileReference; fileEncoding = 4; lastKnownFileType = sourcecode.c.objc; path = "UIViewController+WSFAlertAndActionSheet.m"; sourceTree = "<group>"; };
		0450FD73252C176900CA3762 /* WSFCustiomPopView.h */ = {isa = PBXFileReference; fileEncoding = 4; lastKnownFileType = sourcecode.c.h; path = WSFCustiomPopView.h; sourceTree = "<group>"; };
		0450FD74252C176900CA3762 /* UIViewController+WSFAlertAndActionSheet.h */ = {isa = PBXFileReference; fileEncoding = 4; lastKnownFileType = sourcecode.c.h; path = "UIViewController+WSFAlertAndActionSheet.h"; sourceTree = "<group>"; };
		0450FD75252C176900CA3762 /* WSFCustiomPopView.m */ = {isa = PBXFileReference; fileEncoding = 4; lastKnownFileType = sourcecode.c.objc; path = WSFCustiomPopView.m; sourceTree = "<group>"; };
		046B0E21250CD19100D18C4D /* WSFAPIProxy.h */ = {isa = PBXFileReference; lastKnownFileType = sourcecode.c.h; path = WSFAPIProxy.h; sourceTree = "<group>"; };
		046B0E22250CD19100D18C4D /* WSFAPIProxy.m */ = {isa = PBXFileReference; lastKnownFileType = sourcecode.c.objc; path = WSFAPIProxy.m; sourceTree = "<group>"; };
		046B0E24250CD20300D18C4D /* WSFCacheProxy.h */ = {isa = PBXFileReference; lastKnownFileType = sourcecode.c.h; path = WSFCacheProxy.h; sourceTree = "<group>"; };
		046B0E25250CD20300D18C4D /* WSFCacheProxy.m */ = {isa = PBXFileReference; lastKnownFileType = sourcecode.c.objc; path = WSFCacheProxy.m; sourceTree = "<group>"; };
		046B0E28250CD28D00D18C4D /* WSFAuthParamsGenerator.h */ = {isa = PBXFileReference; lastKnownFileType = sourcecode.c.h; path = WSFAuthParamsGenerator.h; sourceTree = "<group>"; };
		046B0E29250CD28D00D18C4D /* WSFAuthParamsGenerator.m */ = {isa = PBXFileReference; lastKnownFileType = sourcecode.c.objc; path = WSFAuthParamsGenerator.m; sourceTree = "<group>"; };
		046B0E2B250CD30900D18C4D /* WSFSignatureGenerator.h */ = {isa = PBXFileReference; lastKnownFileType = sourcecode.c.h; path = WSFSignatureGenerator.h; sourceTree = "<group>"; };
		046B0E2C250CD30900D18C4D /* WSFSignatureGenerator.m */ = {isa = PBXFileReference; lastKnownFileType = sourcecode.c.objc; path = WSFSignatureGenerator.m; sourceTree = "<group>"; };
		046B0E2F250CD36500D18C4D /* NSURLRequest+WSFNetworking.h */ = {isa = PBXFileReference; lastKnownFileType = sourcecode.c.h; path = "NSURLRequest+WSFNetworking.h"; sourceTree = "<group>"; };
		046B0E30250CD36500D18C4D /* NSURLRequest+WSFNetworking.m */ = {isa = PBXFileReference; lastKnownFileType = sourcecode.c.objc; path = "NSURLRequest+WSFNetworking.m"; sourceTree = "<group>"; };
		046B0E32250CD42200D18C4D /* Foundation+WSFNetworking.h */ = {isa = PBXFileReference; lastKnownFileType = sourcecode.c.h; path = "Foundation+WSFNetworking.h"; sourceTree = "<group>"; };
		046B0E33250CD42200D18C4D /* Foundation+WSFNetworking.m */ = {isa = PBXFileReference; lastKnownFileType = sourcecode.c.objc; path = "Foundation+WSFNetworking.m"; sourceTree = "<group>"; };
		046B0E35250CD4EB00D18C4D /* MJRefresh+ReactiveExtention.h */ = {isa = PBXFileReference; lastKnownFileType = sourcecode.c.h; path = "MJRefresh+ReactiveExtention.h"; sourceTree = "<group>"; };
		046B0E36250CD4EB00D18C4D /* MJRefresh+ReactiveExtention.m */ = {isa = PBXFileReference; lastKnownFileType = sourcecode.c.objc; path = "MJRefresh+ReactiveExtention.m"; sourceTree = "<group>"; };
		046B0E41250CD70600D18C4D /* WSFNetworking+ReactiveExtension.h */ = {isa = PBXFileReference; lastKnownFileType = sourcecode.c.h; path = "WSFNetworking+ReactiveExtension.h"; sourceTree = "<group>"; };
		046B0E42250CD70600D18C4D /* WSFNetworking+ReactiveExtension.m */ = {isa = PBXFileReference; lastKnownFileType = sourcecode.c.objc; path = "WSFNetworking+ReactiveExtension.m"; sourceTree = "<group>"; };
		046B0E44250CD78100D18C4D /* NSMapTable+WSFNetworking.h */ = {isa = PBXFileReference; lastKnownFileType = sourcecode.c.h; path = "NSMapTable+WSFNetworking.h"; sourceTree = "<group>"; };
		046B0E45250CD78100D18C4D /* NSMapTable+WSFNetworking.m */ = {isa = PBXFileReference; lastKnownFileType = sourcecode.c.objc; path = "NSMapTable+WSFNetworking.m"; sourceTree = "<group>"; };
		046B0E48250CD7C200D18C4D /* WSFResponseModel.h */ = {isa = PBXFileReference; lastKnownFileType = sourcecode.c.h; path = WSFResponseModel.h; sourceTree = "<group>"; };
		046B0E49250CD7C200D18C4D /* WSFResponseModel.m */ = {isa = PBXFileReference; lastKnownFileType = sourcecode.c.objc; path = WSFResponseModel.m; sourceTree = "<group>"; };
		046B0E4C250CD83F00D18C4D /* WSFBaseAPIManager.h */ = {isa = PBXFileReference; lastKnownFileType = sourcecode.c.h; path = WSFBaseAPIManager.h; sourceTree = "<group>"; };
		046B0E4D250CD83F00D18C4D /* WSFBaseAPIManager.m */ = {isa = PBXFileReference; lastKnownFileType = sourcecode.c.objc; path = WSFBaseAPIManager.m; sourceTree = "<group>"; };
		046B0E4F250CD8BA00D18C4D /* WSFPageAPIManager.h */ = {isa = PBXFileReference; lastKnownFileType = sourcecode.c.h; path = WSFPageAPIManager.h; sourceTree = "<group>"; };
		046B0E50250CD8BA00D18C4D /* WSFPageAPIManager.m */ = {isa = PBXFileReference; lastKnownFileType = sourcecode.c.objc; path = WSFPageAPIManager.m; sourceTree = "<group>"; };
		046B0E52250CD91A00D18C4D /* WSFTokenAPIRefresher.h */ = {isa = PBXFileReference; lastKnownFileType = sourcecode.c.h; path = WSFTokenAPIRefresher.h; sourceTree = "<group>"; };
		046B0E53250CD91A00D18C4D /* WSFTokenAPIRefresher.m */ = {isa = PBXFileReference; lastKnownFileType = sourcecode.c.objc; path = WSFTokenAPIRefresher.m; sourceTree = "<group>"; };
		046B0E56250CD97100D18C4D /* WSFNetworkingLogger.h */ = {isa = PBXFileReference; lastKnownFileType = sourcecode.c.h; path = WSFNetworkingLogger.h; sourceTree = "<group>"; };
		046B0E57250CD97100D18C4D /* WSFNetworkingLogger.m */ = {isa = PBXFileReference; lastKnownFileType = sourcecode.c.objc; path = WSFNetworkingLogger.m; sourceTree = "<group>"; };
		046B0E59250CD9D400D18C4D /* WSFNetworking.h */ = {isa = PBXFileReference; lastKnownFileType = sourcecode.c.h; path = WSFNetworking.h; sourceTree = "<group>"; };
		046B0E5A250CD9FC00D18C4D /* WSFNetworkingConfiguration.h */ = {isa = PBXFileReference; lastKnownFileType = sourcecode.c.h; path = WSFNetworkingConfiguration.h; sourceTree = "<group>"; };
		04768326250B644D007E88B8 /* WSFBaseViewController.h */ = {isa = PBXFileReference; lastKnownFileType = sourcecode.c.h; path = WSFBaseViewController.h; sourceTree = "<group>"; };
		04768327250B644D007E88B8 /* WSFBaseViewController.m */ = {isa = PBXFileReference; lastKnownFileType = sourcecode.c.objc; path = WSFBaseViewController.m; sourceTree = "<group>"; };
		04768329250B6A4F007E88B8 /* WSFBaseTipViewController.h */ = {isa = PBXFileReference; lastKnownFileType = sourcecode.c.h; path = WSFBaseTipViewController.h; sourceTree = "<group>"; };
		0476832A250B6A4F007E88B8 /* WSFBaseTipViewController.m */ = {isa = PBXFileReference; lastKnownFileType = sourcecode.c.objc; path = WSFBaseTipViewController.m; sourceTree = "<group>"; };
		0476832C250B82B1007E88B8 /* WSFBaseNavigationController.h */ = {isa = PBXFileReference; lastKnownFileType = sourcecode.c.h; path = WSFBaseNavigationController.h; sourceTree = "<group>"; };
		0476832D250B82B1007E88B8 /* WSFBaseNavigationController.m */ = {isa = PBXFileReference; lastKnownFileType = sourcecode.c.objc; path = WSFBaseNavigationController.m; sourceTree = "<group>"; };
		04768330250B99C0007E88B8 /* WSFCommMacro.h */ = {isa = PBXFileReference; lastKnownFileType = sourcecode.c.h; path = WSFCommMacro.h; sourceTree = "<group>"; };
		04768334250BA25C007E88B8 /* WSFCommConst.h */ = {isa = PBXFileReference; lastKnownFileType = sourcecode.c.h; path = WSFCommConst.h; sourceTree = "<group>"; };
		04768335250BA279007E88B8 /* WSFCommConst.m */ = {isa = PBXFileReference; lastKnownFileType = sourcecode.c.objc; path = WSFCommConst.m; sourceTree = "<group>"; };
		047E1C2C2512FF8800B5A3F5 /* WSFAppLaunchAdManager.h */ = {isa = PBXFileReference; lastKnownFileType = sourcecode.c.h; path = WSFAppLaunchAdManager.h; sourceTree = "<group>"; };
		047E1C2D2512FF8800B5A3F5 /* WSFAppLaunchAdManager.m */ = {isa = PBXFileReference; lastKnownFileType = sourcecode.c.objc; path = WSFAppLaunchAdManager.m; sourceTree = "<group>"; };
		04804ABC250F068600370220 /* AppDelegate+AppService.h */ = {isa = PBXFileReference; lastKnownFileType = sourcecode.c.h; path = "AppDelegate+AppService.h"; sourceTree = "<group>"; };
		04804ABD250F068600370220 /* AppDelegate+AppService.m */ = {isa = PBXFileReference; lastKnownFileType = sourcecode.c.objc; path = "AppDelegate+AppService.m"; sourceTree = "<group>"; };
		04804ABF250F06E800370220 /* AppDelegate+AppThirdParty.h */ = {isa = PBXFileReference; lastKnownFileType = sourcecode.c.h; path = "AppDelegate+AppThirdParty.h"; sourceTree = "<group>"; };
		04804AC0250F06E800370220 /* AppDelegate+AppThirdParty.m */ = {isa = PBXFileReference; lastKnownFileType = sourcecode.c.objc; path = "AppDelegate+AppThirdParty.m"; sourceTree = "<group>"; };
		04804AC2250F06FC00370220 /* AppDelegate+AppPush.h */ = {isa = PBXFileReference; lastKnownFileType = sourcecode.c.h; path = "AppDelegate+AppPush.h"; sourceTree = "<group>"; };
		04804AC3250F06FC00370220 /* AppDelegate+AppPush.m */ = {isa = PBXFileReference; lastKnownFileType = sourcecode.c.objc; path = "AppDelegate+AppPush.m"; sourceTree = "<group>"; };
		04804AC8250F0A3500370220 /* WSFUserManager.h */ = {isa = PBXFileReference; lastKnownFileType = sourcecode.c.h; path = WSFUserManager.h; sourceTree = "<group>"; };
		04804AC9250F0A3500370220 /* WSFUserManager.m */ = {isa = PBXFileReference; lastKnownFileType = sourcecode.c.objc; path = WSFUserManager.m; sourceTree = "<group>"; };
		04804ACC250F0A7E00370220 /* WSFAppManager.h */ = {isa = PBXFileReference; lastKnownFileType = sourcecode.c.h; path = WSFAppManager.h; sourceTree = "<group>"; };
		04804ACD250F0A7E00370220 /* WSFAppManager.m */ = {isa = PBXFileReference; lastKnownFileType = sourcecode.c.objc; path = WSFAppManager.m; sourceTree = "<group>"; };
		04804AD0250F0AAA00370220 /* WSFIMManager.h */ = {isa = PBXFileReference; lastKnownFileType = sourcecode.c.h; path = WSFIMManager.h; sourceTree = "<group>"; };
		04804AD1250F0AAA00370220 /* WSFIMManager.m */ = {isa = PBXFileReference; lastKnownFileType = sourcecode.c.objc; path = WSFIMManager.m; sourceTree = "<group>"; };
		04804AD4250F0AC100370220 /* WSFIAPManager.h */ = {isa = PBXFileReference; lastKnownFileType = sourcecode.c.h; path = WSFIAPManager.h; sourceTree = "<group>"; };
		04804AD5250F0AC100370220 /* WSFIAPManager.m */ = {isa = PBXFileReference; lastKnownFileType = sourcecode.c.objc; path = WSFIAPManager.m; sourceTree = "<group>"; };
		04804AD8250F0B9500370220 /* WSFThirdMacros.h */ = {isa = PBXFileReference; lastKnownFileType = sourcecode.c.h; path = WSFThirdMacros.h; sourceTree = "<group>"; };
		04804AD9250F0C2600370220 /* WSFThemeMacros.h */ = {isa = PBXFileReference; lastKnownFileType = sourcecode.c.h; path = WSFThemeMacros.h; sourceTree = "<group>"; };
		04804ADB250F15D900370220 /* MBProgressHUD+WSF.h */ = {isa = PBXFileReference; lastKnownFileType = sourcecode.c.h; path = "MBProgressHUD+WSF.h"; sourceTree = "<group>"; };
		04804ADC250F15D900370220 /* MBProgressHUD+WSF.m */ = {isa = PBXFileReference; lastKnownFileType = sourcecode.c.objc; path = "MBProgressHUD+WSF.m"; sourceTree = "<group>"; };
		04D003662510547E0047FC28 /* WSFBaseViewModel.h */ = {isa = PBXFileReference; lastKnownFileType = sourcecode.c.h; path = WSFBaseViewModel.h; sourceTree = "<group>"; };
		04D003672510547E0047FC28 /* WSFBaseViewModel.m */ = {isa = PBXFileReference; lastKnownFileType = sourcecode.c.objc; path = WSFBaseViewModel.m; sourceTree = "<group>"; };
		04D00369251058070047FC28 /* WSFBasePageViewModel.h */ = {isa = PBXFileReference; lastKnownFileType = sourcecode.c.h; path = WSFBasePageViewModel.h; sourceTree = "<group>"; };
		04D0036A251058070047FC28 /* WSFBasePageViewModel.m */ = {isa = PBXFileReference; lastKnownFileType = sourcecode.c.objc; path = WSFBasePageViewModel.m; sourceTree = "<group>"; };
		04D0036D251064020047FC28 /* WSFJSHandler.h */ = {isa = PBXFileReference; lastKnownFileType = sourcecode.c.h; path = WSFJSHandler.h; sourceTree = "<group>"; };
		04D0036E251064020047FC28 /* WSFJSHandler.m */ = {isa = PBXFileReference; lastKnownFileType = sourcecode.c.objc; path = WSFJSHandler.m; sourceTree = "<group>"; };
		04D00370251064D60047FC28 /* WSFWebViewController.h */ = {isa = PBXFileReference; lastKnownFileType = sourcecode.c.h; path = WSFWebViewController.h; sourceTree = "<group>"; };
		04D00371251064D60047FC28 /* WSFWebViewController.m */ = {isa = PBXFileReference; lastKnownFileType = sourcecode.c.objc; path = WSFWebViewController.m; sourceTree = "<group>"; };
		04D003732510665A0047FC28 /* WSFBaseWebViewController.h */ = {isa = PBXFileReference; lastKnownFileType = sourcecode.c.h; path = WSFBaseWebViewController.h; sourceTree = "<group>"; };
		04D003742510665A0047FC28 /* WSFBaseWebViewController.m */ = {isa = PBXFileReference; lastKnownFileType = sourcecode.c.objc; path = WSFBaseWebViewController.m; sourceTree = "<group>"; };
		04D0037825106ED10047FC28 /* WSFWaterFlowLayout.h */ = {isa = PBXFileReference; lastKnownFileType = sourcecode.c.h; path = WSFWaterFlowLayout.h; sourceTree = "<group>"; };
		04D0037925106ED10047FC28 /* WSFWaterFlowLayout.m */ = {isa = PBXFileReference; lastKnownFileType = sourcecode.c.objc; path = WSFWaterFlowLayout.m; sourceTree = "<group>"; };
		04D0037B251070590047FC28 /* UICollectionView+WSFIndexPath.h */ = {isa = PBXFileReference; lastKnownFileType = sourcecode.c.h; path = "UICollectionView+WSFIndexPath.h"; sourceTree = "<group>"; };
		04D0037C251070590047FC28 /* UICollectionView+WSFIndexPath.m */ = {isa = PBXFileReference; lastKnownFileType = sourcecode.c.objc; path = "UICollectionView+WSFIndexPath.m"; sourceTree = "<group>"; };
		0766760D8F648327EEFE7117 /* Pods-WSFAppTests.debug.xcconfig */ = {isa = PBXFileReference; includeInIndex = 1; lastKnownFileType = text.xcconfig; name = "Pods-WSFAppTests.debug.xcconfig"; path = "Target Support Files/Pods-WSFAppTests/Pods-WSFAppTests.debug.xcconfig"; sourceTree = "<group>"; };
		2A5BCA795BFDEEB29C438E93 /* Pods-WSFApp-WSFAppUITests.release.xcconfig */ = {isa = PBXFileReference; includeInIndex = 1; lastKnownFileType = text.xcconfig; name = "Pods-WSFApp-WSFAppUITests.release.xcconfig"; path = "Target Support Files/Pods-WSFApp-WSFAppUITests/Pods-WSFApp-WSFAppUITests.release.xcconfig"; sourceTree = "<group>"; };
		2BC47CF613199E18E57C55E2 /* Pods_WSFApp.framework */ = {isa = PBXFileReference; explicitFileType = wrapper.framework; includeInIndex = 0; path = Pods_WSFApp.framework; sourceTree = BUILT_PRODUCTS_DIR; };
		384F682239A559C890465ED6 /* Pods_WSFAppTests.framework */ = {isa = PBXFileReference; explicitFileType = wrapper.framework; includeInIndex = 0; path = Pods_WSFAppTests.framework; sourceTree = BUILT_PRODUCTS_DIR; };
		456D230C7056727967264E48 /* Pods-WSFApp-WSFAppUITests.debug.xcconfig */ = {isa = PBXFileReference; includeInIndex = 1; lastKnownFileType = text.xcconfig; name = "Pods-WSFApp-WSFAppUITests.debug.xcconfig"; path = "Target Support Files/Pods-WSFApp-WSFAppUITests/Pods-WSFApp-WSFAppUITests.debug.xcconfig"; sourceTree = "<group>"; };
		5ECC5B8D3D76BD5F30EFA181 /* Pods-WSFAppTests.release.xcconfig */ = {isa = PBXFileReference; includeInIndex = 1; lastKnownFileType = text.xcconfig; name = "Pods-WSFAppTests.release.xcconfig"; path = "Target Support Files/Pods-WSFAppTests/Pods-WSFAppTests.release.xcconfig"; sourceTree = "<group>"; };
		79DFDE164553CD9345E9C414 /* Pods-WSFApp.debug.xcconfig */ = {isa = PBXFileReference; includeInIndex = 1; lastKnownFileType = text.xcconfig; name = "Pods-WSFApp.debug.xcconfig"; path = "Target Support Files/Pods-WSFApp/Pods-WSFApp.debug.xcconfig"; sourceTree = "<group>"; };
		CEDF0B2F25061E7E00C27AE9 /* WSFApp.app */ = {isa = PBXFileReference; explicitFileType = wrapper.application; includeInIndex = 0; path = WSFApp.app; sourceTree = BUILT_PRODUCTS_DIR; };
		CEDF0B3225061E7E00C27AE9 /* AppDelegate.h */ = {isa = PBXFileReference; lastKnownFileType = sourcecode.c.h; path = AppDelegate.h; sourceTree = "<group>"; };
		CEDF0B3325061E7E00C27AE9 /* AppDelegate.m */ = {isa = PBXFileReference; lastKnownFileType = sourcecode.c.objc; path = AppDelegate.m; sourceTree = "<group>"; };
		CEDF0B3E25061E8500C27AE9 /* Assets.xcassets */ = {isa = PBXFileReference; lastKnownFileType = folder.assetcatalog; path = Assets.xcassets; sourceTree = "<group>"; };
		CEDF0B4125061E8500C27AE9 /* Base */ = {isa = PBXFileReference; lastKnownFileType = file.storyboard; name = Base; path = Base.lproj/LaunchScreen.storyboard; sourceTree = "<group>"; };
		CEDF0B4325061E8500C27AE9 /* Info.plist */ = {isa = PBXFileReference; lastKnownFileType = text.plist.xml; path = Info.plist; sourceTree = "<group>"; };
		CEDF0B4425061E8500C27AE9 /* main.m */ = {isa = PBXFileReference; lastKnownFileType = sourcecode.c.objc; path = main.m; sourceTree = "<group>"; };
		CEDF0B4A25061E8500C27AE9 /* WSFAppTests.xctest */ = {isa = PBXFileReference; explicitFileType = wrapper.cfbundle; includeInIndex = 0; path = WSFAppTests.xctest; sourceTree = BUILT_PRODUCTS_DIR; };
		CEDF0B4E25061E8500C27AE9 /* WSFAppTests.m */ = {isa = PBXFileReference; lastKnownFileType = sourcecode.c.objc; path = WSFAppTests.m; sourceTree = "<group>"; };
		CEDF0B5025061E8500C27AE9 /* Info.plist */ = {isa = PBXFileReference; lastKnownFileType = text.plist.xml; path = Info.plist; sourceTree = "<group>"; };
		CEDF0B5525061E8500C27AE9 /* WSFAppUITests.xctest */ = {isa = PBXFileReference; explicitFileType = wrapper.cfbundle; includeInIndex = 0; path = WSFAppUITests.xctest; sourceTree = BUILT_PRODUCTS_DIR; };
		CEDF0B5925061E8500C27AE9 /* WSFAppUITests.m */ = {isa = PBXFileReference; lastKnownFileType = sourcecode.c.objc; path = WSFAppUITests.m; sourceTree = "<group>"; };
		CEDF0B5B25061E8500C27AE9 /* Info.plist */ = {isa = PBXFileReference; lastKnownFileType = text.plist.xml; path = Info.plist; sourceTree = "<group>"; };
		CEDF0B782506267400C27AE9 /* PrefixHeader.pch */ = {isa = PBXFileReference; fileEncoding = 4; lastKnownFileType = sourcecode.c.h; path = PrefixHeader.pch; sourceTree = "<group>"; };
		E2DAD3945D0C602F2B5C6852 /* Pods_WSFApp_WSFAppUITests.framework */ = {isa = PBXFileReference; explicitFileType = wrapper.framework; includeInIndex = 0; path = Pods_WSFApp_WSFAppUITests.framework; sourceTree = BUILT_PRODUCTS_DIR; };
		EBEDF4820C4513E00679E7E0 /* Pods-WSFApp.release.xcconfig */ = {isa = PBXFileReference; includeInIndex = 1; lastKnownFileType = text.xcconfig; name = "Pods-WSFApp.release.xcconfig"; path = "Target Support Files/Pods-WSFApp/Pods-WSFApp.release.xcconfig"; sourceTree = "<group>"; };
/* End PBXFileReference section */

/* Begin PBXFrameworksBuildPhase section */
		CEDF0B2C25061E7E00C27AE9 /* Frameworks */ = {
			isa = PBXFrameworksBuildPhase;
			buildActionMask = 2147483647;
			files = (
				A8BD6D25D85E557E615AB1AC /* Pods_WSFApp.framework in Frameworks */,
			);
			runOnlyForDeploymentPostprocessing = 0;
		};
		CEDF0B4725061E8500C27AE9 /* Frameworks */ = {
			isa = PBXFrameworksBuildPhase;
			buildActionMask = 2147483647;
			files = (
				E4900110EF4C9033A69E0014 /* Pods_WSFAppTests.framework in Frameworks */,
			);
			runOnlyForDeploymentPostprocessing = 0;
		};
		CEDF0B5225061E8500C27AE9 /* Frameworks */ = {
			isa = PBXFrameworksBuildPhase;
			buildActionMask = 2147483647;
			files = (
				F1D0094B5824FFCFA70FFC8F /* Pods_WSFApp_WSFAppUITests.framework in Frameworks */,
			);
			runOnlyForDeploymentPostprocessing = 0;
		};
/* End PBXFrameworksBuildPhase section */

/* Begin PBXGroup section */
		04362099250F6DDB00FDC6DE /* ViewModel */ = {
			isa = PBXGroup;
			children = (
				0436209F250F6F8900FDC6DE /* WSFLoginViewModel.h */,
				043620A0250F6F8900FDC6DE /* WSFLoginViewModel.m */,
			);
			path = ViewModel;
			sourceTree = "<group>";
		};
		0436209A250F6DEC00FDC6DE /* Model */ = {
			isa = PBXGroup;
			children = (
			);
			path = Model;
			sourceTree = "<group>";
		};
		0436209B250F6DF300FDC6DE /* Network */ = {
			isa = PBXGroup;
			children = (
				0436209C250F6EBF00FDC6DE /* WSFLoginNetAPI.h */,
				0436209D250F6EBF00FDC6DE /* WSFLoginNetAPI.m */,
			);
			path = Network;
			sourceTree = "<group>";
		};
		043620A2250F75F200FDC6DE /* IndicatorButton */ = {
			isa = PBXGroup;
			children = (
				043620A3250F761400FDC6DE /* UIButton+WSFIndicator.h */,
				043620A4250F761400FDC6DE /* UIButton+WSFIndicator.m */,
			);
			path = IndicatorButton;
			sourceTree = "<group>";
		};
		043AD2F0250F43EF002F1594 /* BaseView */ = {
			isa = PBXGroup;
			children = (
				043AD2F1250F440C002F1594 /* WSFNoDataView.h */,
				043AD2F2250F440C002F1594 /* WSFNoDataView.m */,
			);
			path = BaseView;
			sourceTree = "<group>";
		};
		043AD2F4250F500C002F1594 /* NavgationController */ = {
			isa = PBXGroup;
			children = (
				043AD2F5250F5299002F1594 /* WSFTransaction */,
				0476832C250B82B1007E88B8 /* WSFBaseNavigationController.h */,
				0476832D250B82B1007E88B8 /* WSFBaseNavigationController.m */,
			);
			path = NavgationController;
			sourceTree = "<group>";
		};
		043AD2F5250F5299002F1594 /* WSFTransaction */ = {
			isa = PBXGroup;
			children = (
				043AD2F6250F52D6002F1594 /* WSFTransitionProtocol.h */,
				043AD2F7250F5304002F1594 /* WSFTransition.h */,
				043AD2F8250F5304002F1594 /* WSFTransition.m */,
			);
			path = WSFTransaction;
			sourceTree = "<group>";
		};
		043AD2FA250F5422002F1594 /* TabBarController */ = {
			isa = PBXGroup;
			children = (
				043AD2FE250F580D002F1594 /* TabBarView */,
				043AD2FB250F5454002F1594 /* WSFMainTabBarController.h */,
				043AD2FC250F5454002F1594 /* WSFMainTabBarController.m */,
			);
			path = TabBarController;
			sourceTree = "<group>";
		};
		043AD2FE250F580D002F1594 /* TabBarView */ = {
			isa = PBXGroup;
			children = (
				043AD2FF250F5833002F1594 /* UITabBar+WSFCustomBadge.h */,
				043AD300250F5833002F1594 /* UITabBar+WSFCustomBadge.m */,
				043AD302250F58BA002F1594 /* WSFTabBar.h */,
				043AD303250F58BA002F1594 /* WSFTabBar.m */,
			);
			path = TabBarView;
			sourceTree = "<group>";
		};
		0450FD71252C176900CA3762 /* AlertView */ = {
			isa = PBXGroup;
			children = (
				0450FD72252C176900CA3762 /* UIViewController+WSFAlertAndActionSheet.m */,
				0450FD73252C176900CA3762 /* WSFCustiomPopView.h */,
				0450FD74252C176900CA3762 /* UIViewController+WSFAlertAndActionSheet.h */,
				0450FD75252C176900CA3762 /* WSFCustiomPopView.m */,
			);
			path = AlertView;
			sourceTree = "<group>";
		};
		046B0E1F250CD06E00D18C4D /* WSFNetworking */ = {
			isa = PBXGroup;
			children = (
				046B0E59250CD9D400D18C4D /* WSFNetworking.h */,
				046B0E5A250CD9FC00D18C4D /* WSFNetworkingConfiguration.h */,
				046B0E55250CD95300D18C4D /* Tools */,
				046B0E4B250CD81C00D18C4D /* APIManager */,
				046B0E47250CD7A500D18C4D /* Model */,
				04D003652510545E0047FC28 /* ViewModel */,
				046B0E2E250CD33800D18C4D /* Category */,
				046B0E27250CD25B00D18C4D /* Generator */,
				046B0E20250CD11600D18C4D /* Proxy */,
			);
			path = WSFNetworking;
			sourceTree = "<group>";
		};
		046B0E20250CD11600D18C4D /* Proxy */ = {
			isa = PBXGroup;
			children = (
				046B0E21250CD19100D18C4D /* WSFAPIProxy.h */,
				046B0E22250CD19100D18C4D /* WSFAPIProxy.m */,
				046B0E24250CD20300D18C4D /* WSFCacheProxy.h */,
				046B0E25250CD20300D18C4D /* WSFCacheProxy.m */,
			);
			path = Proxy;
			sourceTree = "<group>";
		};
		046B0E27250CD25B00D18C4D /* Generator */ = {
			isa = PBXGroup;
			children = (
				046B0E28250CD28D00D18C4D /* WSFAuthParamsGenerator.h */,
				046B0E29250CD28D00D18C4D /* WSFAuthParamsGenerator.m */,
				046B0E2B250CD30900D18C4D /* WSFSignatureGenerator.h */,
				046B0E2C250CD30900D18C4D /* WSFSignatureGenerator.m */,
			);
			path = Generator;
			sourceTree = "<group>";
		};
		046B0E2E250CD33800D18C4D /* Category */ = {
			isa = PBXGroup;
			children = (
				046B0E2F250CD36500D18C4D /* NSURLRequest+WSFNetworking.h */,
				046B0E30250CD36500D18C4D /* NSURLRequest+WSFNetworking.m */,
				046B0E32250CD42200D18C4D /* Foundation+WSFNetworking.h */,
				046B0E33250CD42200D18C4D /* Foundation+WSFNetworking.m */,
				046B0E35250CD4EB00D18C4D /* MJRefresh+ReactiveExtention.h */,
				046B0E36250CD4EB00D18C4D /* MJRefresh+ReactiveExtention.m */,
				046B0E41250CD70600D18C4D /* WSFNetworking+ReactiveExtension.h */,
				046B0E42250CD70600D18C4D /* WSFNetworking+ReactiveExtension.m */,
				046B0E44250CD78100D18C4D /* NSMapTable+WSFNetworking.h */,
				046B0E45250CD78100D18C4D /* NSMapTable+WSFNetworking.m */,
			);
			path = Category;
			sourceTree = "<group>";
		};
		046B0E47250CD7A500D18C4D /* Model */ = {
			isa = PBXGroup;
			children = (
				046B0E48250CD7C200D18C4D /* WSFResponseModel.h */,
				046B0E49250CD7C200D18C4D /* WSFResponseModel.m */,
			);
			path = Model;
			sourceTree = "<group>";
		};
		046B0E4B250CD81C00D18C4D /* APIManager */ = {
			isa = PBXGroup;
			children = (
				046B0E4C250CD83F00D18C4D /* WSFBaseAPIManager.h */,
				046B0E4D250CD83F00D18C4D /* WSFBaseAPIManager.m */,
				046B0E4F250CD8BA00D18C4D /* WSFPageAPIManager.h */,
				046B0E50250CD8BA00D18C4D /* WSFPageAPIManager.m */,
				046B0E52250CD91A00D18C4D /* WSFTokenAPIRefresher.h */,
				046B0E53250CD91A00D18C4D /* WSFTokenAPIRefresher.m */,
			);
			path = APIManager;
			sourceTree = "<group>";
		};
		046B0E55250CD95300D18C4D /* Tools */ = {
			isa = PBXGroup;
			children = (
				046B0E56250CD97100D18C4D /* WSFNetworkingLogger.h */,
				046B0E57250CD97100D18C4D /* WSFNetworkingLogger.m */,
			);
			path = Tools;
			sourceTree = "<group>";
		};
		0476832F250B994D007E88B8 /* PreHeader */ = {
			isa = PBXGroup;
			children = (
				CEDF0B782506267400C27AE9 /* PrefixHeader.pch */,
				043953B2250A2E6C00A6ECA9 /* WSFCommHeader.h */,
				04768330250B99C0007E88B8 /* WSFCommMacro.h */,
				04804AD8250F0B9500370220 /* WSFThirdMacros.h */,
				04804AD9250F0C2600370220 /* WSFThemeMacros.h */,
				04768334250BA25C007E88B8 /* WSFCommConst.h */,
				04768335250BA279007E88B8 /* WSFCommConst.m */,
			);
			path = PreHeader;
			sourceTree = "<group>";
		};
		04804AC5250F090200370220 /* Modules */ = {
			isa = PBXGroup;
			children = (
				CEDF0CAE25063BB600C27AE9 /* Demo */,
				CEDF0CE125071D7700C27AE9 /* Login */,
			);
			path = Modules;
			sourceTree = "<group>";
		};
		04804AC6250F09C400370220 /* Manager */ = {
			isa = PBXGroup;
			children = (
				04804AD3250F0AB000370220 /* IAPManager */,
				04804ACF250F0A9900370220 /* IMManager */,
				04804ACB250F0A6C00370220 /* AppManager */,
				04804AC7250F0A0E00370220 /* UserManager */,
			);
			path = Manager;
			sourceTree = "<group>";
		};
		04804AC7250F0A0E00370220 /* UserManager */ = {
			isa = PBXGroup;
			children = (
				04804AC8250F0A3500370220 /* WSFUserManager.h */,
				04804AC9250F0A3500370220 /* WSFUserManager.m */,
			);
			path = UserManager;
			sourceTree = "<group>";
		};
		04804ACB250F0A6C00370220 /* AppManager */ = {
			isa = PBXGroup;
			children = (
				04804ACC250F0A7E00370220 /* WSFAppManager.h */,
				04804ACD250F0A7E00370220 /* WSFAppManager.m */,
				047E1C2C2512FF8800B5A3F5 /* WSFAppLaunchAdManager.h */,
				047E1C2D2512FF8800B5A3F5 /* WSFAppLaunchAdManager.m */,
			);
			path = AppManager;
			sourceTree = "<group>";
		};
		04804ACF250F0A9900370220 /* IMManager */ = {
			isa = PBXGroup;
			children = (
				04804AD0250F0AAA00370220 /* WSFIMManager.h */,
				04804AD1250F0AAA00370220 /* WSFIMManager.m */,
			);
			path = IMManager;
			sourceTree = "<group>";
		};
		04804AD3250F0AB000370220 /* IAPManager */ = {
			isa = PBXGroup;
			children = (
				04804AD4250F0AC100370220 /* WSFIAPManager.h */,
				04804AD5250F0AC100370220 /* WSFIAPManager.m */,
			);
			path = IAPManager;
			sourceTree = "<group>";
		};
		04804ADA250F15B000370220 /* MBProgressHUD */ = {
			isa = PBXGroup;
			children = (
				04804ADB250F15D900370220 /* MBProgressHUD+WSF.h */,
				04804ADC250F15D900370220 /* MBProgressHUD+WSF.m */,
			);
			path = MBProgressHUD;
			sourceTree = "<group>";
		};
		04D003652510545E0047FC28 /* ViewModel */ = {
			isa = PBXGroup;
			children = (
				04D003662510547E0047FC28 /* WSFBaseViewModel.h */,
				04D003672510547E0047FC28 /* WSFBaseViewModel.m */,
				04D00369251058070047FC28 /* WSFBasePageViewModel.h */,
				04D0036A251058070047FC28 /* WSFBasePageViewModel.m */,
			);
			path = ViewModel;
			sourceTree = "<group>";
		};
		04D0036C2510624A0047FC28 /* WebViewController */ = {
			isa = PBXGroup;
			children = (
				04D0036D251064020047FC28 /* WSFJSHandler.h */,
				04D0036E251064020047FC28 /* WSFJSHandler.m */,
				04D00370251064D60047FC28 /* WSFWebViewController.h */,
				04D00371251064D60047FC28 /* WSFWebViewController.m */,
				04D003732510665A0047FC28 /* WSFBaseWebViewController.h */,
				04D003742510665A0047FC28 /* WSFBaseWebViewController.m */,
			);
			path = WebViewController;
			sourceTree = "<group>";
		};
		04D0037625106E920047FC28 /* CollectionView */ = {
			isa = PBXGroup;
			children = (
				04D0037725106EAA0047FC28 /* LayOut */,
				04D0037B251070590047FC28 /* UICollectionView+WSFIndexPath.h */,
				04D0037C251070590047FC28 /* UICollectionView+WSFIndexPath.m */,
			);
			path = CollectionView;
			sourceTree = "<group>";
		};
		04D0037725106EAA0047FC28 /* LayOut */ = {
			isa = PBXGroup;
			children = (
				04D0037825106ED10047FC28 /* WSFWaterFlowLayout.h */,
				04D0037925106ED10047FC28 /* WSFWaterFlowLayout.m */,
			);
			path = LayOut;
			sourceTree = "<group>";
		};
		CEDF0B2625061E7E00C27AE9 = {
			isa = PBXGroup;
			children = (
				CEDF0B3125061E7E00C27AE9 /* WSFApp */,
				CEDF0B4D25061E8500C27AE9 /* WSFAppTests */,
				CEDF0B5825061E8500C27AE9 /* WSFAppUITests */,
				CEDF0B3025061E7E00C27AE9 /* Products */,
				E70813C3A4A655DD6268E5C0 /* Pods */,
				F6DE0952D7A96A97F7E52558 /* Frameworks */,
			);
			sourceTree = "<group>";
		};
		CEDF0B3025061E7E00C27AE9 /* Products */ = {
			isa = PBXGroup;
			children = (
				CEDF0B2F25061E7E00C27AE9 /* WSFApp.app */,
				CEDF0B4A25061E8500C27AE9 /* WSFAppTests.xctest */,
				CEDF0B5525061E8500C27AE9 /* WSFAppUITests.xctest */,
			);
			name = Products;
			sourceTree = "<group>";
		};
		CEDF0B3125061E7E00C27AE9 /* WSFApp */ = {
			isa = PBXGroup;
			children = (
				0476832F250B994D007E88B8 /* PreHeader */,
				CEDF0B672506209000C27AE9 /* AppDelegate */,
				04804AC6250F09C400370220 /* Manager */,
				04804AC5250F090200370220 /* Modules */,
				CEDF0CB525063CA900C27AE9 /* BaseService */,
				CEDF0B692506212900C27AE9 /* Utils */,
				CEDF0CF125071E6700C27AE9 /* Resource(资源) */,
				CEDF0B3E25061E8500C27AE9 /* Assets.xcassets */,
				CEDF0B4325061E8500C27AE9 /* Info.plist */,
			);
			path = WSFApp;
			sourceTree = "<group>";
		};
		CEDF0B4D25061E8500C27AE9 /* WSFAppTests */ = {
			isa = PBXGroup;
			children = (
				CEDF0B4E25061E8500C27AE9 /* WSFAppTests.m */,
				CEDF0B5025061E8500C27AE9 /* Info.plist */,
			);
			path = WSFAppTests;
			sourceTree = "<group>";
		};
		CEDF0B5825061E8500C27AE9 /* WSFAppUITests */ = {
			isa = PBXGroup;
			children = (
				CEDF0B5925061E8500C27AE9 /* WSFAppUITests.m */,
				CEDF0B5B25061E8500C27AE9 /* Info.plist */,
			);
			path = WSFAppUITests;
			sourceTree = "<group>";
		};
		CEDF0B672506209000C27AE9 /* AppDelegate */ = {
			isa = PBXGroup;
			children = (
				CEDF0B3225061E7E00C27AE9 /* AppDelegate.h */,
				CEDF0B3325061E7E00C27AE9 /* AppDelegate.m */,
				04804ABC250F068600370220 /* AppDelegate+AppService.h */,
				04804ABD250F068600370220 /* AppDelegate+AppService.m */,
				04804ABF250F06E800370220 /* AppDelegate+AppThirdParty.h */,
				04804AC0250F06E800370220 /* AppDelegate+AppThirdParty.m */,
				04804AC2250F06FC00370220 /* AppDelegate+AppPush.h */,
				04804AC3250F06FC00370220 /* AppDelegate+AppPush.m */,
			);
			path = AppDelegate;
			sourceTree = "<group>";
		};
		CEDF0B692506212900C27AE9 /* Utils */ = {
			isa = PBXGroup;
			children = (
				0450FD71252C176900CA3762 /* AlertView */,
				04D0037625106E920047FC28 /* CollectionView */,
				043620A2250F75F200FDC6DE /* IndicatorButton */,
				04804ADA250F15B000370220 /* MBProgressHUD */,
				046B0E1F250CD06E00D18C4D /* WSFNetworking */,
			);
			path = Utils;
			sourceTree = "<group>";
		};
		CEDF0CAE25063BB600C27AE9 /* Demo */ = {
			isa = PBXGroup;
			children = (
				CEDF0CB225063C3700C27AE9 /* Controller */,
				CEDF0CB425063C6B00C27AE9 /* Model */,
			);
			path = Demo;
			sourceTree = "<group>";
		};
		CEDF0CB225063C3700C27AE9 /* Controller */ = {
			isa = PBXGroup;
			children = (
				043620A6250F7F0700FDC6DE /* WSFDemoViewController.h */,
				043620A7250F7F0700FDC6DE /* WSFDemoViewController.m */,
			);
			path = Controller;
			sourceTree = "<group>";
		};
		CEDF0CB425063C6B00C27AE9 /* Model */ = {
			isa = PBXGroup;
			children = (
			);
			path = Model;
			sourceTree = "<group>";
		};
		CEDF0CB525063CA900C27AE9 /* BaseService */ = {
			isa = PBXGroup;
			children = (
				CEDF0CB625063CC300C27AE9 /* WSFBaseViewController */,
				043AD2FA250F5422002F1594 /* TabBarController */,
				043AD2F4250F500C002F1594 /* NavgationController */,
				04D0036C2510624A0047FC28 /* WebViewController */,
			);
			path = BaseService;
			sourceTree = "<group>";
		};
		CEDF0CB625063CC300C27AE9 /* WSFBaseViewController */ = {
			isa = PBXGroup;
			children = (
				043AD2F0250F43EF002F1594 /* BaseView */,
				04768326250B644D007E88B8 /* WSFBaseViewController.h */,
				04768327250B644D007E88B8 /* WSFBaseViewController.m */,
				04768329250B6A4F007E88B8 /* WSFBaseTipViewController.h */,
				0476832A250B6A4F007E88B8 /* WSFBaseTipViewController.m */,
			);
			path = WSFBaseViewController;
			sourceTree = "<group>";
		};
		CEDF0CE125071D7700C27AE9 /* Login */ = {
			isa = PBXGroup;
			children = (
				0436209B250F6DF300FDC6DE /* Network */,
				0436209A250F6DEC00FDC6DE /* Model */,
				04362099250F6DDB00FDC6DE /* ViewModel */,
				CEDF0CE225071DB100C27AE9 /* Controller */,
			);
			path = Login;
			sourceTree = "<group>";
		};
		CEDF0CE225071DB100C27AE9 /* Controller */ = {
			isa = PBXGroup;
			children = (
				04362096250F6D2F00FDC6DE /* WSFLoginViewController.h */,
				04362097250F6D2F00FDC6DE /* WSFLoginViewController.m */,
			);
			path = Controller;
			sourceTree = "<group>";
		};
		CEDF0CF125071E6700C27AE9 /* Resource(资源) */ = {
			isa = PBXGroup;
			children = (
				CEDF0CF425071EA200C27AE9 /* Plist */,
				CEDF0CF225071E7C00C27AE9 /* Global */,
			);
			path = "Resource(资源)";
			sourceTree = "<group>";
		};
		CEDF0CF225071E7C00C27AE9 /* Global */ = {
			isa = PBXGroup;
			children = (
				CEDF0B4025061E8500C27AE9 /* LaunchScreen.storyboard */,
				CEDF0B4425061E8500C27AE9 /* main.m */,
			);
			path = Global;
			sourceTree = "<group>";
		};
		CEDF0CF425071EA200C27AE9 /* Plist */ = {
			isa = PBXGroup;
			children = (
			);
			path = Plist;
			sourceTree = "<group>";
		};
		E70813C3A4A655DD6268E5C0 /* Pods */ = {
			isa = PBXGroup;
			children = (
				79DFDE164553CD9345E9C414 /* Pods-WSFApp.debug.xcconfig */,
				EBEDF4820C4513E00679E7E0 /* Pods-WSFApp.release.xcconfig */,
				456D230C7056727967264E48 /* Pods-WSFApp-WSFAppUITests.debug.xcconfig */,
				2A5BCA795BFDEEB29C438E93 /* Pods-WSFApp-WSFAppUITests.release.xcconfig */,
				0766760D8F648327EEFE7117 /* Pods-WSFAppTests.debug.xcconfig */,
				5ECC5B8D3D76BD5F30EFA181 /* Pods-WSFAppTests.release.xcconfig */,
			);
			path = Pods;
			sourceTree = "<group>";
		};
		F6DE0952D7A96A97F7E52558 /* Frameworks */ = {
			isa = PBXGroup;
			children = (
				2BC47CF613199E18E57C55E2 /* Pods_WSFApp.framework */,
				E2DAD3945D0C602F2B5C6852 /* Pods_WSFApp_WSFAppUITests.framework */,
				384F682239A559C890465ED6 /* Pods_WSFAppTests.framework */,
			);
			name = Frameworks;
			sourceTree = "<group>";
		};
/* End PBXGroup section */

/* Begin PBXNativeTarget section */
		CEDF0B2E25061E7E00C27AE9 /* WSFApp */ = {
			isa = PBXNativeTarget;
			buildConfigurationList = CEDF0B5E25061E8500C27AE9 /* Build configuration list for PBXNativeTarget "WSFApp" */;
			buildPhases = (
				D8F38E3354EA5EE7D9B346D8 /* [CP] Check Pods Manifest.lock */,
				CEDF0B2B25061E7E00C27AE9 /* Sources */,
				CEDF0B2C25061E7E00C27AE9 /* Frameworks */,
				CEDF0B2D25061E7E00C27AE9 /* Resources */,
				F99E748158FDA1E5F29DE0A7 /* [CP] Embed Pods Frameworks */,
			);
			buildRules = (
			);
			dependencies = (
			);
			name = WSFApp;
			productName = WSFApp;
			productReference = CEDF0B2F25061E7E00C27AE9 /* WSFApp.app */;
			productType = "com.apple.product-type.application";
		};
		CEDF0B4925061E8500C27AE9 /* WSFAppTests */ = {
			isa = PBXNativeTarget;
			buildConfigurationList = CEDF0B6125061E8500C27AE9 /* Build configuration list for PBXNativeTarget "WSFAppTests" */;
			buildPhases = (
				56478CCFE0DA38EC4A876052 /* [CP] Check Pods Manifest.lock */,
				CEDF0B4625061E8500C27AE9 /* Sources */,
				CEDF0B4725061E8500C27AE9 /* Frameworks */,
				CEDF0B4825061E8500C27AE9 /* Resources */,
			);
			buildRules = (
			);
			dependencies = (
				CEDF0B4C25061E8500C27AE9 /* PBXTargetDependency */,
			);
			name = WSFAppTests;
			productName = WSFAppTests;
			productReference = CEDF0B4A25061E8500C27AE9 /* WSFAppTests.xctest */;
			productType = "com.apple.product-type.bundle.unit-test";
		};
		CEDF0B5425061E8500C27AE9 /* WSFAppUITests */ = {
			isa = PBXNativeTarget;
			buildConfigurationList = CEDF0B6425061E8500C27AE9 /* Build configuration list for PBXNativeTarget "WSFAppUITests" */;
			buildPhases = (
				B026A6044EA3DEA79259702D /* [CP] Check Pods Manifest.lock */,
				CEDF0B5125061E8500C27AE9 /* Sources */,
				CEDF0B5225061E8500C27AE9 /* Frameworks */,
				CEDF0B5325061E8500C27AE9 /* Resources */,
				8C1CC706D7000894CD2F6FF5 /* [CP] Embed Pods Frameworks */,
			);
			buildRules = (
			);
			dependencies = (
				CEDF0B5725061E8500C27AE9 /* PBXTargetDependency */,
			);
			name = WSFAppUITests;
			productName = WSFAppUITests;
			productReference = CEDF0B5525061E8500C27AE9 /* WSFAppUITests.xctest */;
			productType = "com.apple.product-type.bundle.ui-testing";
		};
/* End PBXNativeTarget section */

/* Begin PBXProject section */
		CEDF0B2725061E7E00C27AE9 /* Project object */ = {
			isa = PBXProject;
			attributes = {
				LastUpgradeCheck = 1150;
				ORGANIZATIONNAME = USER;
				TargetAttributes = {
					CEDF0B2E25061E7E00C27AE9 = {
						CreatedOnToolsVersion = 11.5;
					};
					CEDF0B4925061E8500C27AE9 = {
						CreatedOnToolsVersion = 11.5;
						TestTargetID = CEDF0B2E25061E7E00C27AE9;
					};
					CEDF0B5425061E8500C27AE9 = {
						CreatedOnToolsVersion = 11.5;
						TestTargetID = CEDF0B2E25061E7E00C27AE9;
					};
				};
			};
			buildConfigurationList = CEDF0B2A25061E7E00C27AE9 /* Build configuration list for PBXProject "WSFApp" */;
			compatibilityVersion = "Xcode 9.3";
			developmentRegion = en;
			hasScannedForEncodings = 0;
			knownRegions = (
				en,
				Base,
			);
			mainGroup = CEDF0B2625061E7E00C27AE9;
			productRefGroup = CEDF0B3025061E7E00C27AE9 /* Products */;
			projectDirPath = "";
			projectRoot = "";
			targets = (
				CEDF0B2E25061E7E00C27AE9 /* WSFApp */,
				CEDF0B4925061E8500C27AE9 /* WSFAppTests */,
				CEDF0B5425061E8500C27AE9 /* WSFAppUITests */,
			);
		};
/* End PBXProject section */

/* Begin PBXResourcesBuildPhase section */
		CEDF0B2D25061E7E00C27AE9 /* Resources */ = {
			isa = PBXResourcesBuildPhase;
			buildActionMask = 2147483647;
			files = (
				CEDF0B4225061E8500C27AE9 /* LaunchScreen.storyboard in Resources */,
				CEDF0B3F25061E8500C27AE9 /* Assets.xcassets in Resources */,
			);
			runOnlyForDeploymentPostprocessing = 0;
		};
		CEDF0B4825061E8500C27AE9 /* Resources */ = {
			isa = PBXResourcesBuildPhase;
			buildActionMask = 2147483647;
			files = (
			);
			runOnlyForDeploymentPostprocessing = 0;
		};
		CEDF0B5325061E8500C27AE9 /* Resources */ = {
			isa = PBXResourcesBuildPhase;
			buildActionMask = 2147483647;
			files = (
			);
			runOnlyForDeploymentPostprocessing = 0;
		};
/* End PBXResourcesBuildPhase section */

/* Begin PBXShellScriptBuildPhase section */
		56478CCFE0DA38EC4A876052 /* [CP] Check Pods Manifest.lock */ = {
			isa = PBXShellScriptBuildPhase;
			buildActionMask = 2147483647;
			files = (
			);
			inputFileListPaths = (
			);
			inputPaths = (
				"${PODS_PODFILE_DIR_PATH}/Podfile.lock",
				"${PODS_ROOT}/Manifest.lock",
			);
			name = "[CP] Check Pods Manifest.lock";
			outputFileListPaths = (
			);
			outputPaths = (
				"$(DERIVED_FILE_DIR)/Pods-WSFAppTests-checkManifestLockResult.txt",
			);
			runOnlyForDeploymentPostprocessing = 0;
			shellPath = /bin/sh;
			shellScript = "diff \"${PODS_PODFILE_DIR_PATH}/Podfile.lock\" \"${PODS_ROOT}/Manifest.lock\" > /dev/null\nif [ $? != 0 ] ; then\n    # print error to STDERR\n    echo \"error: The sandbox is not in sync with the Podfile.lock. Run 'pod install' or update your CocoaPods installation.\" >&2\n    exit 1\nfi\n# This output is used by Xcode 'outputs' to avoid re-running this script phase.\necho \"SUCCESS\" > \"${SCRIPT_OUTPUT_FILE_0}\"\n";
			showEnvVarsInLog = 0;
		};
		8C1CC706D7000894CD2F6FF5 /* [CP] Embed Pods Frameworks */ = {
			isa = PBXShellScriptBuildPhase;
			buildActionMask = 2147483647;
			files = (
			);
			inputFileListPaths = (
				"${PODS_ROOT}/Target Support Files/Pods-WSFApp-WSFAppUITests/Pods-WSFApp-WSFAppUITests-frameworks-${CONFIGURATION}-input-files.xcfilelist",
			);
			name = "[CP] Embed Pods Frameworks";
			outputFileListPaths = (
				"${PODS_ROOT}/Target Support Files/Pods-WSFApp-WSFAppUITests/Pods-WSFApp-WSFAppUITests-frameworks-${CONFIGURATION}-output-files.xcfilelist",
			);
			runOnlyForDeploymentPostprocessing = 0;
			shellPath = /bin/sh;
			shellScript = "\"${PODS_ROOT}/Target Support Files/Pods-WSFApp-WSFAppUITests/Pods-WSFApp-WSFAppUITests-frameworks.sh\"\n";
			showEnvVarsInLog = 0;
		};
		B026A6044EA3DEA79259702D /* [CP] Check Pods Manifest.lock */ = {
			isa = PBXShellScriptBuildPhase;
			buildActionMask = 2147483647;
			files = (
			);
			inputFileListPaths = (
			);
			inputPaths = (
				"${PODS_PODFILE_DIR_PATH}/Podfile.lock",
				"${PODS_ROOT}/Manifest.lock",
			);
			name = "[CP] Check Pods Manifest.lock";
			outputFileListPaths = (
			);
			outputPaths = (
				"$(DERIVED_FILE_DIR)/Pods-WSFApp-WSFAppUITests-checkManifestLockResult.txt",
			);
			runOnlyForDeploymentPostprocessing = 0;
			shellPath = /bin/sh;
			shellScript = "diff \"${PODS_PODFILE_DIR_PATH}/Podfile.lock\" \"${PODS_ROOT}/Manifest.lock\" > /dev/null\nif [ $? != 0 ] ; then\n    # print error to STDERR\n    echo \"error: The sandbox is not in sync with the Podfile.lock. Run 'pod install' or update your CocoaPods installation.\" >&2\n    exit 1\nfi\n# This output is used by Xcode 'outputs' to avoid re-running this script phase.\necho \"SUCCESS\" > \"${SCRIPT_OUTPUT_FILE_0}\"\n";
			showEnvVarsInLog = 0;
		};
		D8F38E3354EA5EE7D9B346D8 /* [CP] Check Pods Manifest.lock */ = {
			isa = PBXShellScriptBuildPhase;
			buildActionMask = 2147483647;
			files = (
			);
			inputFileListPaths = (
			);
			inputPaths = (
				"${PODS_PODFILE_DIR_PATH}/Podfile.lock",
				"${PODS_ROOT}/Manifest.lock",
			);
			name = "[CP] Check Pods Manifest.lock";
			outputFileListPaths = (
			);
			outputPaths = (
				"$(DERIVED_FILE_DIR)/Pods-WSFApp-checkManifestLockResult.txt",
			);
			runOnlyForDeploymentPostprocessing = 0;
			shellPath = /bin/sh;
			shellScript = "diff \"${PODS_PODFILE_DIR_PATH}/Podfile.lock\" \"${PODS_ROOT}/Manifest.lock\" > /dev/null\nif [ $? != 0 ] ; then\n    # print error to STDERR\n    echo \"error: The sandbox is not in sync with the Podfile.lock. Run 'pod install' or update your CocoaPods installation.\" >&2\n    exit 1\nfi\n# This output is used by Xcode 'outputs' to avoid re-running this script phase.\necho \"SUCCESS\" > \"${SCRIPT_OUTPUT_FILE_0}\"\n";
			showEnvVarsInLog = 0;
		};
		F99E748158FDA1E5F29DE0A7 /* [CP] Embed Pods Frameworks */ = {
			isa = PBXShellScriptBuildPhase;
			buildActionMask = 2147483647;
			files = (
			);
			inputFileListPaths = (
				"${PODS_ROOT}/Target Support Files/Pods-WSFApp/Pods-WSFApp-frameworks-${CONFIGURATION}-input-files.xcfilelist",
			);
			name = "[CP] Embed Pods Frameworks";
			outputFileListPaths = (
				"${PODS_ROOT}/Target Support Files/Pods-WSFApp/Pods-WSFApp-frameworks-${CONFIGURATION}-output-files.xcfilelist",
			);
			runOnlyForDeploymentPostprocessing = 0;
			shellPath = /bin/sh;
			shellScript = "\"${PODS_ROOT}/Target Support Files/Pods-WSFApp/Pods-WSFApp-frameworks.sh\"\n";
			showEnvVarsInLog = 0;
		};
/* End PBXShellScriptBuildPhase section */

/* Begin PBXSourcesBuildPhase section */
		CEDF0B2B25061E7E00C27AE9 /* Sources */ = {
			isa = PBXSourcesBuildPhase;
			buildActionMask = 2147483647;
			files = (
				046B0E26250CD20300D18C4D /* WSFCacheProxy.m in Sources */,
				0476832B250B6A4F007E88B8 /* WSFBaseTipViewController.m in Sources */,
				CEDF0B3425061E7E00C27AE9 /* AppDelegate.m in Sources */,
				046B0E43250CD70600D18C4D /* WSFNetworking+ReactiveExtension.m in Sources */,
				04D003682510547E0047FC28 /* WSFBaseViewModel.m in Sources */,
				04D003752510665A0047FC28 /* WSFBaseWebViewController.m in Sources */,
				04804AD2250F0AAA00370220 /* WSFIMManager.m in Sources */,
				046B0E51250CD8BA00D18C4D /* WSFPageAPIManager.m in Sources */,
				04804ADD250F15D900370220 /* MBProgressHUD+WSF.m in Sources */,
				043AD301250F5833002F1594 /* UITabBar+WSFCustomBadge.m in Sources */,
				043AD2F3250F440C002F1594 /* WSFNoDataView.m in Sources */,
				04804ACA250F0A3500370220 /* WSFUserManager.m in Sources */,
				0450FD77252C176900CA3762 /* WSFCustiomPopView.m in Sources */,
				046B0E2A250CD28D00D18C4D /* WSFAuthParamsGenerator.m in Sources */,
				04804ABE250F068600370220 /* AppDelegate+AppService.m in Sources */,
				046B0E37250CD4EB00D18C4D /* MJRefresh+ReactiveExtention.m in Sources */,
				04362098250F6D2F00FDC6DE /* WSFLoginViewController.m in Sources */,
				043620A8250F7F0700FDC6DE /* WSFDemoViewController.m in Sources */,
				046B0E34250CD42200D18C4D /* Foundation+WSFNetworking.m in Sources */,
				043620A1250F6F8900FDC6DE /* WSFLoginViewModel.m in Sources */,
				046B0E58250CD97100D18C4D /* WSFNetworkingLogger.m in Sources */,
				046B0E4E250CD83F00D18C4D /* WSFBaseAPIManager.m in Sources */,
				04804ACE250F0A7E00370220 /* WSFAppManager.m in Sources */,
				0476832E250B82B1007E88B8 /* WSFBaseNavigationController.m in Sources */,
				046B0E2D250CD30900D18C4D /* WSFSignatureGenerator.m in Sources */,
				04D0037A25106ED20047FC28 /* WSFWaterFlowLayout.m in Sources */,
				043620A5250F761400FDC6DE /* UIButton+WSFIndicator.m in Sources */,
				043AD2FD250F5454002F1594 /* WSFMainTabBarController.m in Sources */,
				046B0E23250CD19100D18C4D /* WSFAPIProxy.m in Sources */,
				043AD2F9250F5304002F1594 /* WSFTransition.m in Sources */,
				0450FD76252C176900CA3762 /* UIViewController+WSFAlertAndActionSheet.m in Sources */,
				046B0E46250CD78100D18C4D /* NSMapTable+WSFNetworking.m in Sources */,
				CEDF0B4525061E8500C27AE9 /* main.m in Sources */,
				04D0036B251058070047FC28 /* WSFBasePageViewModel.m in Sources */,
				04D0036F251064020047FC28 /* WSFJSHandler.m in Sources */,
				04D00372251064D60047FC28 /* WSFWebViewController.m in Sources */,
				04804AD6250F0AC100370220 /* WSFIAPManager.m in Sources */,
				04768328250B644D007E88B8 /* WSFBaseViewController.m in Sources */,
				04804AC1250F06E800370220 /* AppDelegate+AppThirdParty.m in Sources */,
				0436209E250F6EBF00FDC6DE /* WSFLoginNetAPI.m in Sources */,
				046B0E4A250CD7C200D18C4D /* WSFResponseModel.m in Sources */,
				046B0E31250CD36500D18C4D /* NSURLRequest+WSFNetworking.m in Sources */,
				043AD304250F58BA002F1594 /* WSFTabBar.m in Sources */,
				046B0E54250CD91A00D18C4D /* WSFTokenAPIRefresher.m in Sources */,
				04D0037D251070590047FC28 /* UICollectionView+WSFIndexPath.m in Sources */,
				04804AC4250F06FC00370220 /* AppDelegate+AppPush.m in Sources */,
				047E1C2E2512FF8800B5A3F5 /* WSFAppLaunchAdManager.m in Sources */,
				04768336250BA279007E88B8 /* WSFCommConst.m in Sources */,
			);
			runOnlyForDeploymentPostprocessing = 0;
		};
		CEDF0B4625061E8500C27AE9 /* Sources */ = {
			isa = PBXSourcesBuildPhase;
			buildActionMask = 2147483647;
			files = (
				CEDF0B4F25061E8500C27AE9 /* WSFAppTests.m in Sources */,
			);
			runOnlyForDeploymentPostprocessing = 0;
		};
		CEDF0B5125061E8500C27AE9 /* Sources */ = {
			isa = PBXSourcesBuildPhase;
			buildActionMask = 2147483647;
			files = (
				CEDF0B5A25061E8500C27AE9 /* WSFAppUITests.m in Sources */,
			);
			runOnlyForDeploymentPostprocessing = 0;
		};
/* End PBXSourcesBuildPhase section */

/* Begin PBXTargetDependency section */
		CEDF0B4C25061E8500C27AE9 /* PBXTargetDependency */ = {
			isa = PBXTargetDependency;
			target = CEDF0B2E25061E7E00C27AE9 /* WSFApp */;
			targetProxy = CEDF0B4B25061E8500C27AE9 /* PBXContainerItemProxy */;
		};
		CEDF0B5725061E8500C27AE9 /* PBXTargetDependency */ = {
			isa = PBXTargetDependency;
			target = CEDF0B2E25061E7E00C27AE9 /* WSFApp */;
			targetProxy = CEDF0B5625061E8500C27AE9 /* PBXContainerItemProxy */;
		};
/* End PBXTargetDependency section */

/* Begin PBXVariantGroup section */
		CEDF0B4025061E8500C27AE9 /* LaunchScreen.storyboard */ = {
			isa = PBXVariantGroup;
			children = (
				CEDF0B4125061E8500C27AE9 /* Base */,
			);
			name = LaunchScreen.storyboard;
			sourceTree = "<group>";
		};
/* End PBXVariantGroup section */

/* Begin XCBuildConfiguration section */
		CEDF0B5C25061E8500C27AE9 /* Debug */ = {
			isa = XCBuildConfiguration;
			buildSettings = {
				ALWAYS_SEARCH_USER_PATHS = NO;
				CLANG_ANALYZER_NONNULL = YES;
				CLANG_ANALYZER_NUMBER_OBJECT_CONVERSION = YES_AGGRESSIVE;
				CLANG_CXX_LANGUAGE_STANDARD = "gnu++14";
				CLANG_CXX_LIBRARY = "libc++";
				CLANG_ENABLE_MODULES = YES;
				CLANG_ENABLE_OBJC_ARC = YES;
				CLANG_ENABLE_OBJC_WEAK = YES;
				CLANG_WARN_BLOCK_CAPTURE_AUTORELEASING = YES;
				CLANG_WARN_BOOL_CONVERSION = YES;
				CLANG_WARN_COMMA = YES;
				CLANG_WARN_CONSTANT_CONVERSION = YES;
				CLANG_WARN_DEPRECATED_OBJC_IMPLEMENTATIONS = YES;
				CLANG_WARN_DIRECT_OBJC_ISA_USAGE = YES_ERROR;
				CLANG_WARN_DOCUMENTATION_COMMENTS = YES;
				CLANG_WARN_EMPTY_BODY = YES;
				CLANG_WARN_ENUM_CONVERSION = YES;
				CLANG_WARN_INFINITE_RECURSION = YES;
				CLANG_WARN_INT_CONVERSION = YES;
				CLANG_WARN_NON_LITERAL_NULL_CONVERSION = YES;
				CLANG_WARN_OBJC_IMPLICIT_RETAIN_SELF = YES;
				CLANG_WARN_OBJC_LITERAL_CONVERSION = YES;
				CLANG_WARN_OBJC_ROOT_CLASS = YES_ERROR;
				CLANG_WARN_RANGE_LOOP_ANALYSIS = YES;
				CLANG_WARN_STRICT_PROTOTYPES = YES;
				CLANG_WARN_SUSPICIOUS_MOVE = YES;
				CLANG_WARN_UNGUARDED_AVAILABILITY = YES_AGGRESSIVE;
				CLANG_WARN_UNREACHABLE_CODE = YES;
				CLANG_WARN__DUPLICATE_METHOD_MATCH = YES;
				COPY_PHASE_STRIP = NO;
				DEBUG_INFORMATION_FORMAT = dwarf;
				ENABLE_STRICT_OBJC_MSGSEND = YES;
				ENABLE_TESTABILITY = YES;
				GCC_C_LANGUAGE_STANDARD = gnu11;
				GCC_DYNAMIC_NO_PIC = NO;
				GCC_NO_COMMON_BLOCKS = YES;
				GCC_OPTIMIZATION_LEVEL = 0;
				GCC_PREPROCESSOR_DEFINITIONS = (
					"DEBUG=1",
					"$(inherited)",
				);
				GCC_WARN_64_TO_32_BIT_CONVERSION = YES;
				GCC_WARN_ABOUT_RETURN_TYPE = YES_ERROR;
				GCC_WARN_UNDECLARED_SELECTOR = YES;
				GCC_WARN_UNINITIALIZED_AUTOS = YES_AGGRESSIVE;
				GCC_WARN_UNUSED_FUNCTION = YES;
				GCC_WARN_UNUSED_VARIABLE = YES;
				IPHONEOS_DEPLOYMENT_TARGET = 13.5;
				MTL_ENABLE_DEBUG_INFO = INCLUDE_SOURCE;
				MTL_FAST_MATH = YES;
				ONLY_ACTIVE_ARCH = YES;
				SDKROOT = iphoneos;
			};
			name = Debug;
		};
		CEDF0B5D25061E8500C27AE9 /* Release */ = {
			isa = XCBuildConfiguration;
			buildSettings = {
				ALWAYS_SEARCH_USER_PATHS = NO;
				CLANG_ANALYZER_NONNULL = YES;
				CLANG_ANALYZER_NUMBER_OBJECT_CONVERSION = YES_AGGRESSIVE;
				CLANG_CXX_LANGUAGE_STANDARD = "gnu++14";
				CLANG_CXX_LIBRARY = "libc++";
				CLANG_ENABLE_MODULES = YES;
				CLANG_ENABLE_OBJC_ARC = YES;
				CLANG_ENABLE_OBJC_WEAK = YES;
				CLANG_WARN_BLOCK_CAPTURE_AUTORELEASING = YES;
				CLANG_WARN_BOOL_CONVERSION = YES;
				CLANG_WARN_COMMA = YES;
				CLANG_WARN_CONSTANT_CONVERSION = YES;
				CLANG_WARN_DEPRECATED_OBJC_IMPLEMENTATIONS = YES;
				CLANG_WARN_DIRECT_OBJC_ISA_USAGE = YES_ERROR;
				CLANG_WARN_DOCUMENTATION_COMMENTS = YES;
				CLANG_WARN_EMPTY_BODY = YES;
				CLANG_WARN_ENUM_CONVERSION = YES;
				CLANG_WARN_INFINITE_RECURSION = YES;
				CLANG_WARN_INT_CONVERSION = YES;
				CLANG_WARN_NON_LITERAL_NULL_CONVERSION = YES;
				CLANG_WARN_OBJC_IMPLICIT_RETAIN_SELF = YES;
				CLANG_WARN_OBJC_LITERAL_CONVERSION = YES;
				CLANG_WARN_OBJC_ROOT_CLASS = YES_ERROR;
				CLANG_WARN_RANGE_LOOP_ANALYSIS = YES;
				CLANG_WARN_STRICT_PROTOTYPES = YES;
				CLANG_WARN_SUSPICIOUS_MOVE = YES;
				CLANG_WARN_UNGUARDED_AVAILABILITY = YES_AGGRESSIVE;
				CLANG_WARN_UNREACHABLE_CODE = YES;
				CLANG_WARN__DUPLICATE_METHOD_MATCH = YES;
				COPY_PHASE_STRIP = NO;
				DEBUG_INFORMATION_FORMAT = "dwarf-with-dsym";
				ENABLE_NS_ASSERTIONS = NO;
				ENABLE_STRICT_OBJC_MSGSEND = YES;
				GCC_C_LANGUAGE_STANDARD = gnu11;
				GCC_NO_COMMON_BLOCKS = YES;
				GCC_WARN_64_TO_32_BIT_CONVERSION = YES;
				GCC_WARN_ABOUT_RETURN_TYPE = YES_ERROR;
				GCC_WARN_UNDECLARED_SELECTOR = YES;
				GCC_WARN_UNINITIALIZED_AUTOS = YES_AGGRESSIVE;
				GCC_WARN_UNUSED_FUNCTION = YES;
				GCC_WARN_UNUSED_VARIABLE = YES;
				IPHONEOS_DEPLOYMENT_TARGET = 13.5;
				MTL_ENABLE_DEBUG_INFO = NO;
				MTL_FAST_MATH = YES;
				SDKROOT = iphoneos;
				VALIDATE_PRODUCT = YES;
			};
			name = Release;
		};
		CEDF0B5F25061E8500C27AE9 /* Debug */ = {
			isa = XCBuildConfiguration;
			baseConfigurationReference = 79DFDE164553CD9345E9C414 /* Pods-WSFApp.debug.xcconfig */;
			buildSettings = {
				ASSETCATALOG_COMPILER_APPICON_NAME = AppIcon;
				CODE_SIGN_STYLE = Automatic;
				DEVELOPMENT_TEAM = P5RVHGHEM2;
				GCC_PREFIX_HEADER = "$(SRCROOT)/WSFApp/PreHeader/PrefixHeader.pch";
				INFOPLIST_FILE = WSFApp/Info.plist;
				LD_RUNPATH_SEARCH_PATHS = (
					"$(inherited)",
					"@executable_path/Frameworks",
				);
				PRODUCT_BUNDLE_IDENTIFIER = ZKTeco.WSFApp;
				PRODUCT_NAME = "$(TARGET_NAME)";
				TARGETED_DEVICE_FAMILY = "1,2";
			};
			name = Debug;
		};
		CEDF0B6025061E8500C27AE9 /* Release */ = {
			isa = XCBuildConfiguration;
			baseConfigurationReference = EBEDF4820C4513E00679E7E0 /* Pods-WSFApp.release.xcconfig */;
			buildSettings = {
				ASSETCATALOG_COMPILER_APPICON_NAME = AppIcon;
				CODE_SIGN_STYLE = Automatic;
				DEVELOPMENT_TEAM = P5RVHGHEM2;
				GCC_PREFIX_HEADER = "$(SRCROOT)/WSFApp/PreHeader/PrefixHeader.pch";
				INFOPLIST_FILE = WSFApp/Info.plist;
				LD_RUNPATH_SEARCH_PATHS = (
					"$(inherited)",
					"@executable_path/Frameworks",
				);
				PRODUCT_BUNDLE_IDENTIFIER = ZKTeco.WSFApp;
				PRODUCT_NAME = "$(TARGET_NAME)";
				TARGETED_DEVICE_FAMILY = "1,2";
			};
			name = Release;
		};
		CEDF0B6225061E8500C27AE9 /* Debug */ = {
			isa = XCBuildConfiguration;
			baseConfigurationReference = 0766760D8F648327EEFE7117 /* Pods-WSFAppTests.debug.xcconfig */;
			buildSettings = {
				BUNDLE_LOADER = "$(TEST_HOST)";
				CODE_SIGN_STYLE = Automatic;
				DEVELOPMENT_TEAM = P5RVHGHEM2;
				INFOPLIST_FILE = WSFAppTests/Info.plist;
				IPHONEOS_DEPLOYMENT_TARGET = 13.5;
				LD_RUNPATH_SEARCH_PATHS = (
					"$(inherited)",
					"@executable_path/Frameworks",
					"@loader_path/Frameworks",
				);
				PRODUCT_BUNDLE_IDENTIFIER = ZKTeco.WSFAppTests;
				PRODUCT_NAME = "$(TARGET_NAME)";
				TARGETED_DEVICE_FAMILY = "1,2";
				TEST_HOST = "$(BUILT_PRODUCTS_DIR)/WSFApp.app/WSFApp";
			};
			name = Debug;
		};
		CEDF0B6325061E8500C27AE9 /* Release */ = {
			isa = XCBuildConfiguration;
			baseConfigurationReference = 5ECC5B8D3D76BD5F30EFA181 /* Pods-WSFAppTests.release.xcconfig */;
			buildSettings = {
				BUNDLE_LOADER = "$(TEST_HOST)";
				CODE_SIGN_STYLE = Automatic;
				DEVELOPMENT_TEAM = P5RVHGHEM2;
				INFOPLIST_FILE = WSFAppTests/Info.plist;
				IPHONEOS_DEPLOYMENT_TARGET = 13.5;
				LD_RUNPATH_SEARCH_PATHS = (
					"$(inherited)",
					"@executable_path/Frameworks",
					"@loader_path/Frameworks",
				);
				PRODUCT_BUNDLE_IDENTIFIER = ZKTeco.WSFAppTests;
				PRODUCT_NAME = "$(TARGET_NAME)";
				TARGETED_DEVICE_FAMILY = "1,2";
				TEST_HOST = "$(BUILT_PRODUCTS_DIR)/WSFApp.app/WSFApp";
			};
			name = Release;
		};
		CEDF0B6525061E8500C27AE9 /* Debug */ = {
			isa = XCBuildConfiguration;
			baseConfigurationReference = 456D230C7056727967264E48 /* Pods-WSFApp-WSFAppUITests.debug.xcconfig */;
			buildSettings = {
				CODE_SIGN_STYLE = Automatic;
				DEVELOPMENT_TEAM = P5RVHGHEM2;
				INFOPLIST_FILE = WSFAppUITests/Info.plist;
				LD_RUNPATH_SEARCH_PATHS = (
					"$(inherited)",
					"@executable_path/Frameworks",
					"@loader_path/Frameworks",
				);
				PRODUCT_BUNDLE_IDENTIFIER = ZKTeco.WSFAppUITests;
				PRODUCT_NAME = "$(TARGET_NAME)";
				TARGETED_DEVICE_FAMILY = "1,2";
				TEST_TARGET_NAME = WSFApp;
			};
			name = Debug;
		};
		CEDF0B6625061E8500C27AE9 /* Release */ = {
			isa = XCBuildConfiguration;
			baseConfigurationReference = 2A5BCA795BFDEEB29C438E93 /* Pods-WSFApp-WSFAppUITests.release.xcconfig */;
			buildSettings = {
				CODE_SIGN_STYLE = Automatic;
				DEVELOPMENT_TEAM = P5RVHGHEM2;
				INFOPLIST_FILE = WSFAppUITests/Info.plist;
				LD_RUNPATH_SEARCH_PATHS = (
					"$(inherited)",
					"@executable_path/Frameworks",
					"@loader_path/Frameworks",
				);
				PRODUCT_BUNDLE_IDENTIFIER = ZKTeco.WSFAppUITests;
				PRODUCT_NAME = "$(TARGET_NAME)";
				TARGETED_DEVICE_FAMILY = "1,2";
				TEST_TARGET_NAME = WSFApp;
			};
			name = Release;
		};
/* End XCBuildConfiguration section */

/* Begin XCConfigurationList section */
		CEDF0B2A25061E7E00C27AE9 /* Build configuration list for PBXProject "WSFApp" */ = {
			isa = XCConfigurationList;
			buildConfigurations = (
				CEDF0B5C25061E8500C27AE9 /* Debug */,
				CEDF0B5D25061E8500C27AE9 /* Release */,
			);
			defaultConfigurationIsVisible = 0;
			defaultConfigurationName = Release;
		};
		CEDF0B5E25061E8500C27AE9 /* Build configuration list for PBXNativeTarget "WSFApp" */ = {
			isa = XCConfigurationList;
			buildConfigurations = (
				CEDF0B5F25061E8500C27AE9 /* Debug */,
				CEDF0B6025061E8500C27AE9 /* Release */,
			);
			defaultConfigurationIsVisible = 0;
			defaultConfigurationName = Release;
		};
		CEDF0B6125061E8500C27AE9 /* Build configuration list for PBXNativeTarget "WSFAppTests" */ = {
			isa = XCConfigurationList;
			buildConfigurations = (
				CEDF0B6225061E8500C27AE9 /* Debug */,
				CEDF0B6325061E8500C27AE9 /* Release */,
			);
			defaultConfigurationIsVisible = 0;
			defaultConfigurationName = Release;
		};
		CEDF0B6425061E8500C27AE9 /* Build configuration list for PBXNativeTarget "WSFAppUITests" */ = {
			isa = XCConfigurationList;
			buildConfigurations = (
				CEDF0B6525061E8500C27AE9 /* Debug */,
				CEDF0B6625061E8500C27AE9 /* Release */,
			);
			defaultConfigurationIsVisible = 0;
			defaultConfigurationName = Release;
		};
/* End XCConfigurationList section */
	};
	rootObject = CEDF0B2725061E7E00C27AE9 /* Project object */;
}
